
Microsoft Visual Studio Solution File, Format Version 12.00
# Visual Studio 15
VisualStudioVersion = 15.0.27130.2027
MinimumVisualStudioVersion = 10.0.40219.1
Project("{FAE04EC0-301F-11D3-BF4B-00C04F79EFBC}") = "SelfSign", "SelfSign\SelfSign.csproj", "{AC4CE9AD-DA19-4809-91A6-1C36D7DB9DDE}"
EndProject
Global
	GlobalSection(SolutionConfigurationPlatforms) = preSolution
		Debug|Any CPU = Debug|Any CPU
		Release|Any CPU = Release|Any CPU
	EndGlobalSection
	GlobalSection(ProjectConfigurationPlatforms) = postSolution
		{AC4CE9AD-DA19-4809-91A6-1C36D7DB9DDE}.Debug|Any CPU.ActiveCfg = Debug|Any CPU
		{AC4CE9AD-DA19-4809-91A6-1C36D7DB9DDE}.Debug|Any CPU.Build.0 = Debug|Any CPU
		{AC4CE9AD-DA19-4809-91A6-1C36D7DB9DDE}.Release|Any CPU.ActiveCfg = Release|Any CPU
		{AC4CE9AD-DA19-4809-91A6-1C36D7DB9DDE}.Release|Any CPU.Build.0 = Release|Any CPU
	EndGlobalSection
	GlobalSection(SolutionProperties) = preSolution
		HideSolutionNode = FALSE
	EndGlobalSection
	GlobalSection(ExtensibilityGlobals) = postSolution
		SolutionGuid = {4C25C051-3345-4980-8CA3-645CAED1C7FC}
	EndGlobalSection
EndGlobal
